
Microsoft Visual Studio Solution File, Format Version 12.00
# Visual Studio Version 17
VisualStudioVersion = 17.8.34316.72
MinimumVisualStudioVersion = 10.0.40219.1
Project("{FAE04EC0-301F-11D3-BF4B-00C04F79EFBC}") = "WindowsFormsVetoresMatrizes", "WindowsFormsVetoresMatrizes\WindowsFormsVetoresMatrizes.csproj", "{A2FCF64D-8D86-4F0B-9AC7-E92E8A665003}"
EndProject
Project("{FAE04EC0-301F-11D3-BF4B-00C04F79EFBC}") = "ClassLibraryVetorMatriz", "ClassLibraryVetorMatriz\ClassLibraryVetorMatriz.csproj", "{059ADB40-1B12-4F7F-BCB6-B750820AC578}"
EndProject
Global
	GlobalSection(SolutionConfigurationPlatforms) = preSolution
		Debug|Any CPU = Debug|Any CPU
		Release|Any CPU = Release|Any CPU
	EndGlobalSection
	GlobalSection(ProjectConfigurationPlatforms) = postSolution
		{A2FCF64D-8D86-4F0B-9AC7-E92E8A665003}.Debug|Any CPU.ActiveCfg = Debug|Any CPU
		{A2FCF64D-8D86-4F0B-9AC7-E92E8A665003}.Debug|Any CPU.Build.0 = Debug|Any CPU
		{A2FCF64D-8D86-4F0B-9AC7-E92E8A665003}.Release|Any CPU.ActiveCfg = Release|Any CPU
		{A2FCF64D-8D86-4F0B-9AC7-E92E8A665003}.Release|Any CPU.Build.0 = Release|Any CPU
		{059ADB40-1B12-4F7F-BCB6-B750820AC578}.Debug|Any CPU.ActiveCfg = Debug|Any CPU
		{059ADB40-1B12-4F7F-BCB6-B750820AC578}.Debug|Any CPU.Build.0 = Debug|Any CPU
		{059ADB40-1B12-4F7F-BCB6-B750820AC578}.Release|Any CPU.ActiveCfg = Release|Any CPU
		{059ADB40-1B12-4F7F-BCB6-B750820AC578}.Release|Any CPU.Build.0 = Release|Any CPU
	EndGlobalSection
	GlobalSection(SolutionProperties) = preSolution
		HideSolutionNode = FALSE
	EndGlobalSection
	GlobalSection(ExtensibilityGlobals) = postSolution
		SolutionGuid = {06255E5F-88D6-4C00-8B98-09DD76248D4E}
	EndGlobalSection
EndGlobal
